
Microsoft Visual Studio Solution File, Format Version 12.00
# Visual Studio Version 17
VisualStudioVersion = 17.9.34714.143
MinimumVisualStudioVersion = 10.0.40219.1
Project("{9A19103F-16F7-4668-BE54-9A1E7A4F7556}") = "csharp_mstest", "csharp_mstest\csharp_mstest.csproj", "{D3D35402-6A0D-4972-8E49-D37A8A2F5B42}"
EndProject
Project("{9A19103F-16F7-4668-BE54-9A1E7A4F7556}") = "csharp_mstest_test", "csharp_mstest_test\csharp_mstest_test.csproj", "{BF3990F4-C5A3-4E9C-BC8A-108AD7B523B3}"
	ProjectSection(ProjectDependencies) = postProject
		{D3D35402-6A0D-4972-8E49-D37A8A2F5B42} = {D3D35402-6A0D-4972-8E49-D37A8A2F5B42}
	EndProjectSection
EndProject
Project("{2150E333-8FDC-42A3-9474-1A3956D46DE8}") = "ソリューション項目", "ソリューション項目", "{A03B5FB1-967D-4677-B51B-45E043CD79C3}"
	ProjectSection(SolutionItems) = preProject
		ToDo.txt = ToDo.txt
	EndProjectSection
EndProject
Global
	GlobalSection(SolutionConfigurationPlatforms) = preSolution
		Debug|Any CPU = Debug|Any CPU
		Release|Any CPU = Release|Any CPU
	EndGlobalSection
	GlobalSection(ProjectConfigurationPlatforms) = postSolution
		{D3D35402-6A0D-4972-8E49-D37A8A2F5B42}.Debug|Any CPU.ActiveCfg = Debug|Any CPU
		{D3D35402-6A0D-4972-8E49-D37A8A2F5B42}.Debug|Any CPU.Build.0 = Debug|Any CPU
		{D3D35402-6A0D-4972-8E49-D37A8A2F5B42}.Release|Any CPU.ActiveCfg = Release|Any CPU
		{D3D35402-6A0D-4972-8E49-D37A8A2F5B42}.Release|Any CPU.Build.0 = Release|Any CPU
		{BF3990F4-C5A3-4E9C-BC8A-108AD7B523B3}.Debug|Any CPU.ActiveCfg = Debug|Any CPU
		{BF3990F4-C5A3-4E9C-BC8A-108AD7B523B3}.Debug|Any CPU.Build.0 = Debug|Any CPU
		{BF3990F4-C5A3-4E9C-BC8A-108AD7B523B3}.Release|Any CPU.ActiveCfg = Release|Any CPU
		{BF3990F4-C5A3-4E9C-BC8A-108AD7B523B3}.Release|Any CPU.Build.0 = Release|Any CPU
	EndGlobalSection
	GlobalSection(SolutionProperties) = preSolution
		HideSolutionNode = FALSE
	EndGlobalSection
	GlobalSection(ExtensibilityGlobals) = postSolution
		SolutionGuid = {0F44D709-AA26-4096-99DA-1495CF4A4F11}
	EndGlobalSection
EndGlobal
