
Microsoft Visual Studio Solution File, Format Version 12.00
# Visual Studio Version 16
VisualStudioVersion = 16.0.31112.23
MinimumVisualStudioVersion = 10.0.40219.1
Project("{FAE04EC0-301F-11D3-BF4B-00C04F79EFBC}") = "VendingMachine", "VendingMachine\VendingMachine.csproj", "{C0726FA5-69F1-44CA-9694-1B47BBB4EA2E}"
EndProject
Project("{FAE04EC0-301F-11D3-BF4B-00C04F79EFBC}") = "VendingMachineTest", "VendingMachineTest\VendingMachineTest.csproj", "{8327E114-2328-4747-A422-6F7F508BF163}"
EndProject
Global
	GlobalSection(SolutionConfigurationPlatforms) = preSolution
		Debug|Any CPU = Debug|Any CPU
		Release|Any CPU = Release|Any CPU
	EndGlobalSection
	GlobalSection(ProjectConfigurationPlatforms) = postSolution
		{C0726FA5-69F1-44CA-9694-1B47BBB4EA2E}.Debug|Any CPU.ActiveCfg = Debug|Any CPU
		{C0726FA5-69F1-44CA-9694-1B47BBB4EA2E}.Debug|Any CPU.Build.0 = Debug|Any CPU
		{C0726FA5-69F1-44CA-9694-1B47BBB4EA2E}.Release|Any CPU.ActiveCfg = Release|Any CPU
		{C0726FA5-69F1-44CA-9694-1B47BBB4EA2E}.Release|Any CPU.Build.0 = Release|Any CPU
		{8327E114-2328-4747-A422-6F7F508BF163}.Debug|Any CPU.ActiveCfg = Debug|Any CPU
		{8327E114-2328-4747-A422-6F7F508BF163}.Debug|Any CPU.Build.0 = Debug|Any CPU
		{8327E114-2328-4747-A422-6F7F508BF163}.Release|Any CPU.ActiveCfg = Release|Any CPU
		{8327E114-2328-4747-A422-6F7F508BF163}.Release|Any CPU.Build.0 = Release|Any CPU
	EndGlobalSection
	GlobalSection(SolutionProperties) = preSolution
		HideSolutionNode = FALSE
	EndGlobalSection
	GlobalSection(ExtensibilityGlobals) = postSolution
		SolutionGuid = {40DBC043-335E-4308-9972-D653FF9682D2}
	EndGlobalSection
EndGlobal
